
Microsoft Visual Studio Solution File, Format Version 12.00
# Visual Studio Version 16
VisualStudioVersion = 16.0.30907.101
MinimumVisualStudioVersion = 10.0.40219.1
Project("{9A19103F-16F7-4668-BE54-9A1E7A4F7556}") = "Flights__Project", "Flights__Project\Flights__Project.csproj", "{88D947DB-656E-4A3C-B067-9A3052316CF0}"
EndProject
Project("{9A19103F-16F7-4668-BE54-9A1E7A4F7556}") = "Tests", "Tests\Tests.csproj", "{C5CB9346-7FA5-4C13-8284-88E3AA34C79A}"
EndProject
Project("{9A19103F-16F7-4668-BE54-9A1E7A4F7556}") = "Flights_Project_Api", "Flights_Project_Api\Flights_Project_Api.csproj", "{34C47A56-B3E2-469F-B373-303B732FF576}"
EndProject
Global
	GlobalSection(SolutionConfigurationPlatforms) = preSolution
		Debug|Any CPU = Debug|Any CPU
		Release|Any CPU = Release|Any CPU
	EndGlobalSection
	GlobalSection(ProjectConfigurationPlatforms) = postSolution
		{88D947DB-656E-4A3C-B067-9A3052316CF0}.Debug|Any CPU.ActiveCfg = Debug|Any CPU
		{88D947DB-656E-4A3C-B067-9A3052316CF0}.Debug|Any CPU.Build.0 = Debug|Any CPU
		{88D947DB-656E-4A3C-B067-9A3052316CF0}.Release|Any CPU.ActiveCfg = Release|Any CPU
		{88D947DB-656E-4A3C-B067-9A3052316CF0}.Release|Any CPU.Build.0 = Release|Any CPU
		{C5CB9346-7FA5-4C13-8284-88E3AA34C79A}.Debug|Any CPU.ActiveCfg = Debug|Any CPU
		{C5CB9346-7FA5-4C13-8284-88E3AA34C79A}.Debug|Any CPU.Build.0 = Debug|Any CPU
		{C5CB9346-7FA5-4C13-8284-88E3AA34C79A}.Release|Any CPU.ActiveCfg = Release|Any CPU
		{C5CB9346-7FA5-4C13-8284-88E3AA34C79A}.Release|Any CPU.Build.0 = Release|Any CPU
		{34C47A56-B3E2-469F-B373-303B732FF576}.Debug|Any CPU.ActiveCfg = Debug|Any CPU
		{34C47A56-B3E2-469F-B373-303B732FF576}.Debug|Any CPU.Build.0 = Debug|Any CPU
		{34C47A56-B3E2-469F-B373-303B732FF576}.Release|Any CPU.ActiveCfg = Release|Any CPU
		{34C47A56-B3E2-469F-B373-303B732FF576}.Release|Any CPU.Build.0 = Release|Any CPU
	EndGlobalSection
	GlobalSection(SolutionProperties) = preSolution
		HideSolutionNode = FALSE
	EndGlobalSection
	GlobalSection(ExtensibilityGlobals) = postSolution
		SolutionGuid = {DF5B8653-4C1D-4557-B68B-1D5DCF40EE72}
	EndGlobalSection
EndGlobal
